
Microsoft Visual Studio Solution File, Format Version 12.00
# Visual Studio Version 17
VisualStudioVersion = 17.6.33829.357
MinimumVisualStudioVersion = 10.0.40219.1
Project("{FAE04EC0-301F-11D3-BF4B-00C04F79EFBC}") = "WebTestApplication", "WebTestApplication\WebTestApplication.csproj", "{07D389FE-D7DF-4964-ADD2-5DFD9DD69639}"
EndProject
Project("{FAE04EC0-301F-11D3-BF4B-00C04F79EFBC}") = "DataAccess", "DataAccess\DataAccess.csproj", "{A2C18009-226B-4412-A119-E86F1B229AAA}"
EndProject
Global
	GlobalSection(SolutionConfigurationPlatforms) = preSolution
		Debug|Any CPU = Debug|Any CPU
		Release|Any CPU = Release|Any CPU
	EndGlobalSection
	GlobalSection(ProjectConfigurationPlatforms) = postSolution
		{07D389FE-D7DF-4964-ADD2-5DFD9DD69639}.Debug|Any CPU.ActiveCfg = Debug|Any CPU
		{07D389FE-D7DF-4964-ADD2-5DFD9DD69639}.Debug|Any CPU.Build.0 = Debug|Any CPU
		{07D389FE-D7DF-4964-ADD2-5DFD9DD69639}.Release|Any CPU.ActiveCfg = Release|Any CPU
		{07D389FE-D7DF-4964-ADD2-5DFD9DD69639}.Release|Any CPU.Build.0 = Release|Any CPU
		{A2C18009-226B-4412-A119-E86F1B229AAA}.Debug|Any CPU.ActiveCfg = Debug|Any CPU
		{A2C18009-226B-4412-A119-E86F1B229AAA}.Debug|Any CPU.Build.0 = Debug|Any CPU
		{A2C18009-226B-4412-A119-E86F1B229AAA}.Release|Any CPU.ActiveCfg = Release|Any CPU
		{A2C18009-226B-4412-A119-E86F1B229AAA}.Release|Any CPU.Build.0 = Release|Any CPU
	EndGlobalSection
	GlobalSection(SolutionProperties) = preSolution
		HideSolutionNode = FALSE
	EndGlobalSection
	GlobalSection(ExtensibilityGlobals) = postSolution
		SolutionGuid = {7CA5F713-3623-4A5D-875A-63BEC8B531C1}
	EndGlobalSection
EndGlobal
